
Microsoft Visual Studio Solution File, Format Version 12.00
# Visual Studio Version 17
VisualStudioVersion = 17.3.32929.385
MinimumVisualStudioVersion = 10.0.40219.1
Project("{FAE04EC0-301F-11D3-BF4B-00C04F79EFBC}") = "PR_Point", "PR_Point\PR_Point.csproj", "{673FDBFA-3E62-45D4-BAA8-E699355B4838}"
EndProject
Project("{FAE04EC0-301F-11D3-BF4B-00C04F79EFBC}") = "CL_Point", "CL_Point\CL_Point.csproj", "{FD66D3D3-EAB4-4C7C-973D-9B67F0778CAE}"
EndProject
Global
	GlobalSection(SolutionConfigurationPlatforms) = preSolution
		Debug|Any CPU = Debug|Any CPU
		Release|Any CPU = Release|Any CPU
	EndGlobalSection
	GlobalSection(ProjectConfigurationPlatforms) = postSolution
		{673FDBFA-3E62-45D4-BAA8-E699355B4838}.Debug|Any CPU.ActiveCfg = Debug|Any CPU
		{673FDBFA-3E62-45D4-BAA8-E699355B4838}.Debug|Any CPU.Build.0 = Debug|Any CPU
		{673FDBFA-3E62-45D4-BAA8-E699355B4838}.Release|Any CPU.ActiveCfg = Release|Any CPU
		{673FDBFA-3E62-45D4-BAA8-E699355B4838}.Release|Any CPU.Build.0 = Release|Any CPU
		{FD66D3D3-EAB4-4C7C-973D-9B67F0778CAE}.Debug|Any CPU.ActiveCfg = Debug|Any CPU
		{FD66D3D3-EAB4-4C7C-973D-9B67F0778CAE}.Debug|Any CPU.Build.0 = Debug|Any CPU
		{FD66D3D3-EAB4-4C7C-973D-9B67F0778CAE}.Release|Any CPU.ActiveCfg = Release|Any CPU
		{FD66D3D3-EAB4-4C7C-973D-9B67F0778CAE}.Release|Any CPU.Build.0 = Release|Any CPU
	EndGlobalSection
	GlobalSection(SolutionProperties) = preSolution
		HideSolutionNode = FALSE
	EndGlobalSection
	GlobalSection(ExtensibilityGlobals) = postSolution
		SolutionGuid = {9C572F9A-7D13-40CE-9435-F9C5E73153FB}
	EndGlobalSection
EndGlobal
